GIT
  remote: https://github.com/ddoherty03/rubocop-ddoherty.git
  revision: 6b28e9614f18f94b684179c488acca8ac6cabdc6
  branch: master
  specs:
    rubocop-ddoherty (0.1.2)
      rubocop-performance (~> 1.0)
      rubocop-rake (>= 0.7)
      rubocop-rspec (~> 3.0)
      rubocop-shopify (~> 2.0)

PATH
  remote: .
  specs:
    fatty (0.99.8.4)
      curses (~> 1.4)
      fat_config (>= 0.8.0)
      fiddle
      rainbow
      redcarpet
      rouge
      unicode-display_width (~> 2.5)
      yaml

GEM
  remote: https://rubygems.org/
  specs:
    activesupport (8.1.3.1)
      base64
      bigdecimal
      concurrent-ruby (~> 1.0, >= 1.3.1)
      connection_pool (>= 2.2.5)
      drb
      i18n (>= 1.6, < 2)
      json
      logger (>= 1.4.2)
      minitest (>= 5.1)
      securerandom (>= 0.3)
      tzinfo (~> 2.0, >= 2.0.5)
      uri (>= 0.13.1)
    ast (2.4.3)
    base64 (0.3.0)
    bigdecimal (4.1.2)
    coderay (1.1.3)
    concurrent-ruby (1.3.8)
    connection_pool (3.0.2)
    curses (1.6.0)
    damerau-levenshtein (1.3.3)
    debug (1.11.1)
      irb (~> 1.10)
      reline (>= 0.3.8)
    diff-lcs (1.6.2)
    drb (2.2.3)
    erb (6.0.7)
    fat_config (0.8.0)
      activesupport
      fat_core (>= 5.6.1)
      inifile
      tomlib
    fat_core (7.2.0)
      activesupport
      damerau-levenshtein
      ostruct
      stringio (>= 3.1.2)
    fiddle (1.1.8)
    forwardable (1.4.0)
    gem_docs (0.3.1)
      rake
      yard
    i18n (1.15.2)
      concurrent-ruby (~> 1.0)
    inifile (3.0.0)
    io-console (0.8.2)
    irb (1.18.0)
      pp (>= 0.6.0)
      prism (>= 1.3.0)
      rdoc (>= 4.0.0)
      reline (>= 0.4.2)
    json (2.21.2)
    language_server-protocol (3.17.0.6)
    lint_roller (1.1.0)
    logger (1.7.0)
    method_source (1.1.0)
    minitest (6.0.6)
      drb (~> 2.0)
      prism (~> 1.5)
    ostruct (0.6.3)
    parallel (2.1.0)
    parser (3.3.12.0)
      ast (~> 2.4.1)
      racc
    pp (0.6.4)
      prettyprint
    prettyprint (0.2.0)
    prime (0.1.4)
      forwardable
      singleton
    prism (1.9.0)
    pry (0.16.0)
      coderay (~> 1.1)
      method_source (~> 1.0)
      reline (>= 0.6.0)
    pry-doc (1.7.0)
      pry (~> 0.11)
      yard (~> 0.9.21)
    racc (1.8.1)
    rainbow (3.1.1)
    rake (13.4.2)
    rbs (4.1.2)
      logger
      prism (>= 1.6.0)
      tsort
    rdoc (8.0.0)
      erb
      prism (>= 1.6.0)
      rbs (>= 4.0.0)
      tsort
    redcarpet (3.6.1)
    regexp_parser (2.12.0)
    reline (0.7.0)
      io-console (~> 0.5)
    rouge (5.1.0)
      strscan (~> 3.1)
    rspec (3.13.2)
      rspec-core (~> 3.13.0)
      rspec-expectations (~> 3.13.0)
      rspec-mocks (~> 3.13.0)
    rspec-core (3.13.6)
      rspec-support (~> 3.13.0)
    rspec-expectations (3.13.5)
      diff-lcs (>= 1.2.0, < 2.0)
      rspec-support (~> 3.13.0)
    rspec-mocks (3.13.8)
      diff-lcs (>= 1.2.0, < 2.0)
      rspec-support (~> 3.13.0)
    rspec-support (3.13.7)
    rubocop (1.89.0)
      json (~> 2.3)
      language_server-protocol (~> 3.17.0.2)
      lint_roller (~> 1.1.0)
      parallel (>= 1.10)
      parser (>= 3.3.0.2)
      rainbow (>= 2.2.2, < 4.0)
      regexp_parser (>= 2.9.3, < 3.0)
      rubocop-ast (>= 1.49.0, < 2.0)
      ruby-progressbar (~> 1.7)
      unicode-display_width (>= 2.4.0, < 4.0)
    rubocop-ast (1.50.0)
      parser (>= 3.3.7.2)
      prism (~> 1.7)
    rubocop-performance (1.26.1)
      lint_roller (~> 1.1)
      rubocop (>= 1.75.0, < 2.0)
      rubocop-ast (>= 1.47.1, < 2.0)
    rubocop-rake (0.7.1)
      lint_roller (~> 1.1)
      rubocop (>= 1.72.1)
    rubocop-rspec (3.10.2)
      lint_roller (~> 1.1)
      regexp_parser (>= 2.0)
      rubocop (~> 1.86, >= 1.86.2)
    rubocop-shopify (2.18.0)
      rubocop (~> 1.62)
    ruby-progressbar (1.13.0)
    securerandom (0.4.1)
    simplecov (1.0.3)
    singleton (0.3.0)
    stringio (3.2.0)
    strscan (3.1.8)
    tomlib (0.7.3)
      bigdecimal
    tsort (0.2.0)
    tzinfo (2.0.6)
      concurrent-ruby (~> 1.0)
    unicode-display_width (2.6.0)
    uri (1.1.1)
    yaml (0.4.0)
    yard (0.9.45)

PLATFORMS
  ruby
  x86_64-linux

DEPENDENCIES
  debug (>= 1.0.0)
  fatty!
  gem_docs (>= 0.3.1)
  irb
  prime
  pry
  pry-doc
  rake (~> 13.0)
  rspec
  rubocop
  rubocop-ddoherty!
  simplecov

CHECKSUMS
  activesupport (8.1.3.1) sha256=85458765f25ea48b9019c46b6bb3fa5683197bf4280d9f06710a6e8d7a831376
  ast (2.4.3) sha256=954615157c1d6a382bc27d690d973195e79db7f55e9765ac7c481c60bdb4d383
  base64 (0.3.0) sha256=27337aeabad6ffae05c265c450490628ef3ebd4b67be58257393227588f5a97b
  bigdecimal (4.1.2) sha256=53d217666027eab4280346fba98e7d5b66baaae1b9c3c1c0ffe89d48188a3fbd
  bundler (4.0.17) sha256=214e21431b5665dd2f99df8a5511c6b151d7a72e8015c8b38f8b775b61cbb6c1
  coderay (1.1.3) sha256=dc530018a4684512f8f38143cd2a096c9f02a1fc2459edcfe534787a7fc77d4b
  concurrent-ruby (1.3.8) sha256=b2f1be836e968ccc78ccfce277ea79c72a88633f22306782c16ff23fb415d1e1
  connection_pool (3.0.2) sha256=33fff5ba71a12d2aa26cb72b1db8bba2a1a01823559fb01d29eb74c286e62e0a
  curses (1.6.0) sha256=26cf27fd523ad0f4bc00a9c05f0fe9ccb1dfcc1a8521c739fe14c8f6e34078e2
  damerau-levenshtein (1.3.3) sha256=d4320a5fc2aeaa5c023a7c6c45cb4acd4f03a9241c7735c8a7da3eee2ff2407e
  debug (1.11.1) sha256=2e0b0ac6119f2207a6f8ac7d4a73ca8eb4e440f64da0a3136c30343146e952b6
  diff-lcs (1.6.2) sha256=9ae0d2cba7d4df3075fe8cd8602a8604993efc0dfa934cff568969efb1909962
  drb (2.2.3) sha256=0b00d6fdb50995fe4a45dea13663493c841112e4068656854646f418fda13373
  erb (6.0.7) sha256=c5ca6dc25b0ef974a44dc8f59fe847577122483b1968a38dec305c60bf91ee92
  fat_config (0.8.0) sha256=5648b33d5eba414276ea064d9dec99fb853dfac4b5e003636b45b47bf2858dde
  fat_core (7.2.0) sha256=940379cc8d38a832b03067ff33ef39350ebbbc20ae6d253166badf2a56043d17
  fatty (0.99.8.4)
  fiddle (1.1.8) sha256=7fa8ee3627271497f3add5503acdbc3f40b32f610fc1cf49634f083ef3f32eee
  forwardable (1.4.0) sha256=f1cd40cc9812937980e1c76f1aa053660990a7c9b6a98fc37d945468afcce838
  gem_docs (0.3.1) sha256=cdd4ec7f65e15e12947f8b8db0d9dea7cc0603c3415c06526263cdab8e32ea65
  i18n (1.15.2) sha256=00f9eb62412fe593b2a65a97daa75300d37abb8f7202ec748e94b6d46a9dd1b5
  inifile (3.0.0) sha256=b103eb3655ec93cc626cf2de00950e91f7e69b8398842968e17e1815cfacbfb0
  io-console (0.8.2) sha256=d6e3ae7a7cc7574f4b8893b4fca2162e57a825b223a177b7afa236c5ef9814cc
  irb (1.18.0) sha256=de9454a0703a54704b9811a5ef31a60c86949fbf4013fcf244fabc7c775248e3
  json (2.21.2) sha256=1f1d3b7cf2b3ba1a69beca0bb6db13d5438b80bff3cd54cdaaa620b9b07c1c6a
  language_server-protocol (3.17.0.6) sha256=5ef2c0c138f8267e1bc631d3328347d354f96724b0af22f2c79516120443b7f0
  lint_roller (1.1.0) sha256=2c0c845b632a7d172cb849cc90c1bce937a28c5c8ccccb50dfd46a485003cc87
  logger (1.7.0) sha256=196edec7cc44b66cfb40f9755ce11b392f21f7967696af15d274dde7edff0203
  method_source (1.1.0) sha256=181301c9c45b731b4769bc81e8860e72f9161ad7d66dd99103c9ab84f560f5c5
  minitest (6.0.6) sha256=153ea36d1d987a62942382b61075745042a2b3123b1cd48f4c3675af9cc7d6f1
  ostruct (0.6.3) sha256=95a2ed4a4bd1d190784e666b47b2d3f078e4a9efda2fccf18f84ddc6538ed912
  parallel (2.1.0) sha256=b35258865c2e31134c5ecb708beaaf6772adf9d5efae28e93e99260877b09356
  parser (3.3.12.0) sha256=21a6d7f755d5a24dfbdc6e6b772e4e879a52e7631a88bc5a3a134606052c9828
  pp (0.6.4) sha256=dfcb0fce700c41456265922884f9fe195d7fbb0674a3578e6c0f69588e82b570
  prettyprint (0.2.0) sha256=2bc9e15581a94742064a3cc8b0fb9d45aae3d03a1baa6ef80922627a0766f193
  prime (0.1.4) sha256=4d755ebf7c2994a6f3a3fee0d072063be3fff2d4042ebff6cd5eebd4747a225e
  prism (1.9.0) sha256=7b530c6a9f92c24300014919c9dcbc055bf4cdf51ec30aed099b06cd6674ef85
  pry (0.16.0) sha256=d76c69065698ed1f85e717bd33d7942c38a50868f6b0673c636192b3d1b6054e
  pry-doc (1.7.0) sha256=6ada9fec062b54441c6444e44f94c345e5c8c0af499d654e40d5a581eb222d8e
  racc (1.8.1) sha256=4a7f6929691dbec8b5209a0b373bc2614882b55fc5d2e447a21aaa691303d62f
  rainbow (3.1.1) sha256=039491aa3a89f42efa1d6dec2fc4e62ede96eb6acd95e52f1ad581182b79bc6a
  rake (13.4.2) sha256=cb825b2bd5f1f8e91ca37bddb4b9aaf345551b4731da62949be002fa89283701
  rbs (4.1.2) sha256=050eb1d8b508f1233bed929c0f2c7052302f7adf295230d9cb314e9024078f48
  rdoc (8.0.0) sha256=03bf8c08a9639658855a0cfd77c0abca8325c227693f7f33f82957811348c469
  redcarpet (3.6.1) sha256=d444910e6aa55480c6bcdc0cdb057626e8a32c054c29e793fa642ba2f155f445
  regexp_parser (2.12.0) sha256=35a916a1d63190ab5c9009457136ae5f3c0c7512d60291d0d1378ba18ce08ebb
  reline (0.7.0) sha256=5b012d8e55dbf9d450f12bde2cf7d15ff546ae80b3f8f3b30e570d431815583d
  rouge (5.1.0) sha256=b77c632842ab7f5147940212f0345808cccfbce864fd5b631d7d12a35ac85452
  rspec (3.13.2) sha256=206284a08ad798e61f86d7ca3e376718d52c0bc944626b2349266f239f820587
  rspec-core (3.13.6) sha256=a8823c6411667b60a8bca135364351dda34cd55e44ff94c4be4633b37d828b2d
  rspec-expectations (3.13.5) sha256=33a4d3a1d95060aea4c94e9f237030a8f9eae5615e9bd85718fe3a09e4b58836
  rspec-mocks (3.13.8) sha256=086ad3d3d17533f4237643de0b5c42f04b66348c28bf6b9c2d3f4a3b01af1d47
  rspec-support (3.13.7) sha256=0640e5570872aafefd79867901deeeeb40b0c9875a36b983d85f54fb7381c47c
  rubocop (1.89.0) sha256=4dee8e3ee9c45e474834efd9e8d6fd031e8331c8dacdff0de4ad65ae0a6faae7
  rubocop-ast (1.50.0) sha256=b9ca88300da0803ee222ad20cdb30494c0a784eed06fdc35d254b06d662788db
  rubocop-ddoherty (0.1.2)
  rubocop-performance (1.26.1) sha256=cd19b936ff196df85829d264b522fd4f98b6c89ad271fa52744a8c11b8f71834
  rubocop-rake (0.7.1) sha256=3797f2b6810c3e9df7376c26d5f44f3475eda59eb1adc38e6f62ecf027cbae4d
  rubocop-rspec (3.10.2) sha256=0b3e2ecc592cd10ecbf0095bb58d1e357905276e069643523cc19eb7495f65e2
  rubocop-shopify (2.18.0) sha256=dafa25e5617ce4600ff86b1de3d5b78e43ab3d58cc5729df38e492b8e10294eb
  ruby-progressbar (1.13.0) sha256=80fc9c47a9b640d6834e0dc7b3c94c9df37f08cb072b7761e4a71e22cff29b33
  securerandom (0.4.1) sha256=cc5193d414a4341b6e225f0cb4446aceca8e50d5e1888743fac16987638ea0b1
  simplecov (1.0.3) sha256=38ef0514f16ae7562f0d0f4df02610071115103d301b6de7dacbcc000082e39b
  singleton (0.3.0) sha256=83ea1bca5f4aa34d00305ab842a7862ea5a8a11c73d362cb52379d94e9615778
  stringio (3.2.0) sha256=c37cb2e58b4ffbd33fe5cd948c05934af997b36e0b6ca6fdf43afa234cf222e1
  strscan (3.1.8) sha256=aae2db611a225559f21ffbb71765c9a4e60fd262534a9ea84f4f11c7f32f679e
  tomlib (0.7.3) sha256=85e562eeaa40b2aca552a13515f41fc6ae9dc522154bc1089c8d3ef94dcebd9b
  tsort (0.2.0) sha256=9650a793f6859a43b6641671278f79cfead60ac714148aabe4e3f0060480089f
  tzinfo (2.0.6) sha256=8daf828cc77bcf7d63b0e3bdb6caa47e2272dcfaf4fbfe46f8c3a9df087a829b
  unicode-display_width (2.6.0) sha256=12279874bba6d5e4d2728cef814b19197dbb10d7a7837a869bab65da943b7f5a
  uri (1.1.1) sha256=379fa58d27ffb1387eaada68c749d1426738bd0f654d812fcc07e7568f5c57c6
  yaml (0.4.0) sha256=240e69d1e6ce3584d6085978719a0faa6218ae426e034d8f9b02fb54d3471942
  yard (0.9.45) sha256=52e211493f7cb8a3ebf7e104a25a1e73937a3103092545d34cb88fafebb3dc51

BUNDLED WITH
  4.0.17
